
Microsoft Visual Studio Solution File, Format Version 12.00
# Visual Studio Version 16
VisualStudioVersion = 16.0.34601.136
MinimumVisualStudioVersion = 10.0.40219.1
Project("{FAE04EC0-301F-11D3-BF4B-00C04F79EFBC}") = "lqvwwebbanhang", "lqvwwebbanhang.csproj", "{979C1AD3-0207-4C32-9C97-F728882D182E}"
EndProject
Global
	GlobalSection(SolutionConfigurationPlatforms) = preSolution
		Debug|Any CPU = Debug|Any CPU
		Release|Any CPU = Release|Any CPU
	EndGlobalSection
	GlobalSection(ProjectConfigurationPlatforms) = postSolution
		{979C1AD3-0207-4C32-9C97-F728882D182E}.Debug|Any CPU.ActiveCfg = Debug|Any CPU
		{979C1AD3-0207-4C32-9C97-F728882D182E}.Debug|Any CPU.Build.0 = Debug|Any CPU
		{979C1AD3-0207-4C32-9C97-F728882D182E}.Release|Any CPU.ActiveCfg = Release|Any CPU
		{979C1AD3-0207-4C32-9C97-F728882D182E}.Release|Any CPU.Build.0 = Release|Any CPU
	EndGlobalSection
	GlobalSection(SolutionProperties) = preSolution
		HideSolutionNode = FALSE
	EndGlobalSection
	GlobalSection(ExtensibilityGlobals) = postSolution
		SolutionGuid = {1C881ACE-7562-449D-B5E9-1940911B71E1}
	EndGlobalSection
EndGlobal
